
Microsoft Visual Studio Solution File, Format Version 12.00
# Visual Studio Version 17
VisualStudioVersion = 17.7.34031.279
MinimumVisualStudioVersion = 10.0.40219.1
Project("{FAE04EC0-301F-11D3-BF4B-00C04F79EFBC}") = "TodoList", "TodoList\TodoList.csproj", "{4B00B8A4-A4B8-4504-970F-E84EA97A3221}"
EndProject
Global
	GlobalSection(SolutionConfigurationPlatforms) = preSolution
		Debug|Any CPU = Debug|Any CPU
		Release|Any CPU = Release|Any CPU
	EndGlobalSection
	GlobalSection(ProjectConfigurationPlatforms) = postSolution
		{4B00B8A4-A4B8-4504-970F-E84EA97A3221}.Debug|Any CPU.ActiveCfg = Debug|Any CPU
		{4B00B8A4-A4B8-4504-970F-E84EA97A3221}.Debug|Any CPU.Build.0 = Debug|Any CPU
		{4B00B8A4-A4B8-4504-970F-E84EA97A3221}.Release|Any CPU.ActiveCfg = Release|Any CPU
		{4B00B8A4-A4B8-4504-970F-E84EA97A3221}.Release|Any CPU.Build.0 = Release|Any CPU
	EndGlobalSection
	GlobalSection(SolutionProperties) = preSolution
		HideSolutionNode = FALSE
	EndGlobalSection
	GlobalSection(ExtensibilityGlobals) = postSolution
		SolutionGuid = {ECCE71D3-9C67-4166-BC4C-707C6A62D086}
	EndGlobalSection
EndGlobal
